
Microsoft Visual Studio Solution File, Format Version 12.00
# Visual Studio 14
VisualStudioVersion = 14.0.25420.1
MinimumVisualStudioVersion = 10.0.40219.1
Project("{FAE04EC0-301F-11D3-BF4B-00C04F79EFBC}") = "FoodWeb", "FoodWeb\FoodWeb.csproj", "{59DD36DE-58E0-4F5E-BFCA-D40B1EFB41BA}"
EndProject
Project("{E24C65DC-7377-472B-9ABA-BC803B73C61A}") = "Plantilla", "D:\Todo\UNSCH Sistemas\Comercio\Plantilla\", "{AEFC0E67-9F8F-4A17-80C5-4A26074EE3D3}"
	ProjectSection(WebsiteProperties) = preProject
		TargetFrameworkMoniker = ".NETFramework,Version%3Dv4.0"
		Debug.AspNetCompiler.VirtualPath = "/localhost_10945"
		Debug.AspNetCompiler.PhysicalPath = "D:\Todo\UNSCH Sistemas\Comercio\Plantilla\"
		Debug.AspNetCompiler.TargetPath = "PrecompiledWeb\localhost_10945\"
		Debug.AspNetCompiler.Updateable = "true"
		Debug.AspNetCompiler.ForceOverwrite = "true"
		Debug.AspNetCompiler.FixedNames = "false"
		Debug.AspNetCompiler.Debug = "True"
		Release.AspNetCompiler.VirtualPath = "/localhost_10945"
		Release.AspNetCompiler.PhysicalPath = "D:\Todo\UNSCH Sistemas\Comercio\Plantilla\"
		Release.AspNetCompiler.TargetPath = "PrecompiledWeb\localhost_10945\"
		Release.AspNetCompiler.Updateable = "true"
		Release.AspNetCompiler.ForceOverwrite = "true"
		Release.AspNetCompiler.FixedNames = "false"
		Release.AspNetCompiler.Debug = "False"
		VWDPort = "10945"
		SlnRelativePath = "D:\Todo\UNSCH Sistemas\Comercio\Plantilla\"
	EndProjectSection
EndProject
Global
	GlobalSection(SolutionConfigurationPlatforms) = preSolution
		Debug|Any CPU = Debug|Any CPU
		Release|Any CPU = Release|Any CPU
	EndGlobalSection
	GlobalSection(ProjectConfigurationPlatforms) = postSolution
		{59DD36DE-58E0-4F5E-BFCA-D40B1EFB41BA}.Debug|Any CPU.ActiveCfg = Debug|Any CPU
		{59DD36DE-58E0-4F5E-BFCA-D40B1EFB41BA}.Debug|Any CPU.Build.0 = Debug|Any CPU
		{59DD36DE-58E0-4F5E-BFCA-D40B1EFB41BA}.Release|Any CPU.ActiveCfg = Release|Any CPU
		{59DD36DE-58E0-4F5E-BFCA-D40B1EFB41BA}.Release|Any CPU.Build.0 = Release|Any CPU
		{AEFC0E67-9F8F-4A17-80C5-4A26074EE3D3}.Debug|Any CPU.ActiveCfg = Debug|Any CPU
		{AEFC0E67-9F8F-4A17-80C5-4A26074EE3D3}.Debug|Any CPU.Build.0 = Debug|Any CPU
		{AEFC0E67-9F8F-4A17-80C5-4A26074EE3D3}.Release|Any CPU.ActiveCfg = Debug|Any CPU
		{AEFC0E67-9F8F-4A17-80C5-4A26074EE3D3}.Release|Any CPU.Build.0 = Debug|Any CPU
	EndGlobalSection
	GlobalSection(SolutionProperties) = preSolution
		HideSolutionNode = FALSE
	EndGlobalSection
EndGlobal
